{
  "name": "pagina-daniel-arella",
  "lockfileVersion": 3,
  "requires": true,
  "packages": {
    "": {
      "devDependencies": {
        "@fontsource/fraunces": "^5.2.9",
        "@fontsource/source-sans-3": "^5.2.9"
      }
    },
    "node_modules/@fontsource/fraunces": {
      "version": "5.2.9",
      "resolved": "https://registry.npmjs.org/@fontsource/fraunces/-/fraunces-5.2.9.tgz",
      "integrity": "sha512-XDzuddBtoC7BZgZdBn6b7hsFZY2+V1hgN7yca5fBTKuHjb/lOd45a0Ji8dTUgFhPoL7RdGupo+bC2BFSt6UH8Q==",
      "dev": true,
      "license": "OFL-1.1",
      "funding": {
        "url": "https://github.com/sponsors/ayuhito"
      }
    },
    "node_modules/@fontsource/source-sans-3": {
      "version": "5.2.9",
      "resolved": "https://registry.npmjs.org/@fontsource/source-sans-3/-/source-sans-3-5.2.9.tgz",
      "integrity": "sha512-u3ymIq4rfmCCyB9MEw/sFR5lPVJ1yTNXmIMbUz+9kVCFIHvNtfzXOEBuvkg3Tk0zhmioPeJ28ZK5smZ7TurezQ==",
      "dev": true,
      "license": "OFL-1.1",
      "funding": {
        "url": "https://github.com/sponsors/ayuhito"
      }
    }
  }
}
